
Microsoft Visual Studio Solution File, Format Version 12.00
# Visual Studio Version 17
VisualStudioVersion = 17.13.35931.197
MinimumVisualStudioVersion = 10.0.40219.1
Project("{FAE04EC0-301F-11D3-BF4B-00C04F79EFBC}") = "Shapes-Calculator", "Shapes-Calculator\Shapes-Calculator.csproj", "{5E1B9F8A-AB19-47FA-BF0C-FF30BF16040D}"
EndProject
Project("{FAE04EC0-301F-11D3-BF4B-00C04F79EFBC}") = "Shapes-Calculator-2.0", "Shapes-Calculator-2.0\Shapes-Calculator-2.0.csproj", "{BC2208E3-E75F-4FAD-BABE-FAC9F916D280}"
EndProject
Project("{FAE04EC0-301F-11D3-BF4B-00C04F79EFBC}") = "Shapes-Calculator-2.0.Tests", "Shapes-Calculator-2.0.Tests\Shapes-Calculator-2.0.Tests.csproj", "{A2AF4B08-26A8-45F5-8F5E-AEF4EAFB2B8F}"
EndProject
Global
	GlobalSection(SolutionConfigurationPlatforms) = preSolution
		Debug|Any CPU = Debug|Any CPU
		Release|Any CPU = Release|Any CPU
	EndGlobalSection
	GlobalSection(ProjectConfigurationPlatforms) = postSolution
		{5E1B9F8A-AB19-47FA-BF0C-FF30BF16040D}.Debug|Any CPU.ActiveCfg = Debug|Any CPU
		{5E1B9F8A-AB19-47FA-BF0C-FF30BF16040D}.Debug|Any CPU.Build.0 = Debug|Any CPU
		{5E1B9F8A-AB19-47FA-BF0C-FF30BF16040D}.Release|Any CPU.ActiveCfg = Release|Any CPU
		{5E1B9F8A-AB19-47FA-BF0C-FF30BF16040D}.Release|Any CPU.Build.0 = Release|Any CPU
		{BC2208E3-E75F-4FAD-BABE-FAC9F916D280}.Debug|Any CPU.ActiveCfg = Debug|Any CPU
		{BC2208E3-E75F-4FAD-BABE-FAC9F916D280}.Debug|Any CPU.Build.0 = Debug|Any CPU
		{BC2208E3-E75F-4FAD-BABE-FAC9F916D280}.Release|Any CPU.ActiveCfg = Release|Any CPU
		{BC2208E3-E75F-4FAD-BABE-FAC9F916D280}.Release|Any CPU.Build.0 = Release|Any CPU
		{A2AF4B08-26A8-45F5-8F5E-AEF4EAFB2B8F}.Debug|Any CPU.ActiveCfg = Debug|Any CPU
		{A2AF4B08-26A8-45F5-8F5E-AEF4EAFB2B8F}.Debug|Any CPU.Build.0 = Debug|Any CPU
		{A2AF4B08-26A8-45F5-8F5E-AEF4EAFB2B8F}.Release|Any CPU.ActiveCfg = Release|Any CPU
		{A2AF4B08-26A8-45F5-8F5E-AEF4EAFB2B8F}.Release|Any CPU.Build.0 = Release|Any CPU
	EndGlobalSection
	GlobalSection(SolutionProperties) = preSolution
		HideSolutionNode = FALSE
	EndGlobalSection
	GlobalSection(ExtensibilityGlobals) = postSolution
		SolutionGuid = {0CD8ADF1-BEBB-4AB3-87C9-28B2A6B76B9C}
	EndGlobalSection
EndGlobal
